github.com/armon/go-radix v1.0.0 h1:F4z6KzEeeQIMeLFa97iZU6vupzoecKdU5TX24SNppXI=
github.com/armon/go-radix v1.0.0/go.mod h1:ufUuZ+zHj4x4TnLV4JWEpy2hxWSpsRywHrMgIH9cCH8=
github.com/bits-and-blooms/bitset v1.22.0 h1:Tquv9S8+SGaS3EhyA+up3FXzmkhxPGjQQCkcs2uw7w4=
github.com/bits-and-blooms/bitset v1.22.0/go.mod h1:7hO7Gc7Pp1vODcmWvKMRA9BNmbv6a/7QIWpPxHddWR8=
github.com/evolbioinfo/goalign v0.3.7 h1:hsHjg+CyXnxzYcRP2K0kL3Jzkq1ErD8z0EtlDIKM3ds=
github.com/evolbioinfo/goalign v0.3.7/go.mod h1:2W3eQYCYJ+a1uTI9tCelGT4DlgiztrLB6mAUGRt0c4Y=
github.com/evolbioinfo/gotree v0.4.5 h1:+J33bb/QBUZDHy23q270XMOCZR2Mq/Gr1258JMewy84=
github.com/evolbioinfo/gotree v0.4.5/go.mod h1:UvD1CTJ0KDLGktdceM8yZ3c/YcB58wfoIq8oxaGYSU4=
github.com/fredericlemoine/bitset v1.2.0 h1:RMdEqiqXAuufXz6gk1RO95w2p/Z7pFL0k45w8HVm1PI=
github.com/fredericlemoine/bitset v1.2.0/go.mod h1:fEGlWPx4YvxYdUdd5ULnC/Tb0CLOdGX/Lgpx4ri32aU=
github.com/fredericlemoine/gostats v0.1.1 h1:vODa3brG7tt98FNAkfLC7KFIg3qrm5li9GHbmjLLWxk=
github.com/fredericlemoine/gostats v0.1.1/go.mod h1:5OBBRN6vXzgXAJfprZ1WPahOHPJw2wJjmVtijhTqsX8=
